
Microsoft Visual Studio Solution File, Format Version 12.00
# Visual Studio Version 17
VisualStudioVersion = 17.10.34916.146
MinimumVisualStudioVersion = 10.0.40219.1
Project("{FAE04EC0-301F-11D3-BF4B-00C04F79EFBC}") = "CoureTechQuestion1", "CoureTechQuestion1.csproj", "{3CAE9D36-BF90-4C9A-BE1E-F920798B0C7C}"
EndProject
Global
	GlobalSection(SolutionConfigurationPlatforms) = preSolution
		Debug|Any CPU = Debug|Any CPU
		Release|Any CPU = Release|Any CPU
	EndGlobalSection
	GlobalSection(ProjectConfigurationPlatforms) = postSolution
		{3CAE9D36-BF90-4C9A-BE1E-F920798B0C7C}.Debug|Any CPU.ActiveCfg = Debug|Any CPU
		{3CAE9D36-BF90-4C9A-BE1E-F920798B0C7C}.Debug|Any CPU.Build.0 = Debug|Any CPU
		{3CAE9D36-BF90-4C9A-BE1E-F920798B0C7C}.Release|Any CPU.ActiveCfg = Release|Any CPU
		{3CAE9D36-BF90-4C9A-BE1E-F920798B0C7C}.Release|Any CPU.Build.0 = Release|Any CPU
	EndGlobalSection
	GlobalSection(SolutionProperties) = preSolution
		HideSolutionNode = FALSE
	EndGlobalSection
	GlobalSection(ExtensibilityGlobals) = postSolution
		SolutionGuid = {106ECE31-3B37-4F01-8CD0-279CFAB679D0}
	EndGlobalSection
EndGlobal
